
Microsoft Visual Studio Solution File, Format Version 12.00
# Visual Studio 15
VisualStudioVersion = 15.0.28307.106
MinimumVisualStudioVersion = 10.0.40219.1
Project("{FAE04EC0-301F-11D3-BF4B-00C04F79EFBC}") = "ASCII_RPG", "ASCII_RPG\ASCII_RPG.csproj", "{FAC4B70F-1A67-4FF7-9170-F25FF60D254E}"
EndProject
Global
	GlobalSection(SolutionConfigurationPlatforms) = preSolution
		Debug|Any CPU = Debug|Any CPU
		Release|Any CPU = Release|Any CPU
	EndGlobalSection
	GlobalSection(ProjectConfigurationPlatforms) = postSolution
		{FAC4B70F-1A67-4FF7-9170-F25FF60D254E}.Debug|Any CPU.ActiveCfg = Debug|Any CPU
		{FAC4B70F-1A67-4FF7-9170-F25FF60D254E}.Debug|Any CPU.Build.0 = Debug|Any CPU
		{FAC4B70F-1A67-4FF7-9170-F25FF60D254E}.Release|Any CPU.ActiveCfg = Release|Any CPU
		{FAC4B70F-1A67-4FF7-9170-F25FF60D254E}.Release|Any CPU.Build.0 = Release|Any CPU
	EndGlobalSection
	GlobalSection(SolutionProperties) = preSolution
		HideSolutionNode = FALSE
	EndGlobalSection
	GlobalSection(ExtensibilityGlobals) = postSolution
		SolutionGuid = {9374F997-421D-403D-9663-FF5B3BCC8189}
	EndGlobalSection
EndGlobal
